// !$*UTF8*$!
{
	archiveVersion = 1;
	classes = {
	};
	objectVersion = 50;
	objects = {

/* Begin PBXBuildFile section */
		330A251421D38A750042B901 /* ServerRepository.swift in Sources */ = {isa = PBXBuildFile; fileRef = 330A251321D38A750042B901 /* ServerRepository.swift */; };
		330A251621D38D650042B901 /* StravaServerRepository.swift in Sources */ = {isa = PBXBuildFile; fileRef = 330A251521D38D650042B901 /* StravaServerRepository.swift */; };
		330A251821D38D9D0042B901 /* Constants.swift in Sources */ = {isa = PBXBuildFile; fileRef = 330A251721D38D9D0042B901 /* Constants.swift */; };
		330A251E21D38F4F0042B901 /* Serpent.framework in Frameworks */ = {isa = PBXBuildFile; fileRef = 330A251A21D38F4F0042B901 /* Serpent.framework */; };
		330A251F21D38F4F0042B901 /* Cashier.framework in Frameworks */ = {isa = PBXBuildFile; fileRef = 330A251B21D38F4F0042B901 /* Cashier.framework */; };
		330A252021D38F4F0042B901 /* Alamofire.framework in Frameworks */ = {isa = PBXBuildFile; fileRef = 330A251C21D38F4F0042B901 /* Alamofire.framework */; };
		330A252121D38F4F0042B901 /* SnapKit.framework in Frameworks */ = {isa = PBXBuildFile; fileRef = 330A251D21D38F4F0042B901 /* SnapKit.framework */; };
		330A252421D39F920042B901 /* StravaRoute.swift in Sources */ = {isa = PBXBuildFile; fileRef = 330A252321D39F920042B901 /* StravaRoute.swift */; };
		330FE3D721DD2DF200AA3416 /* ShowDiscoveryViewController.swift in Sources */ = {isa = PBXBuildFile; fileRef = 330FE3D621DD2DF200AA3416 /* ShowDiscoveryViewController.swift */; };
		330FE3D921DD2E1700AA3416 /* ShowDiscoveryViewController.storyboard in Resources */ = {isa = PBXBuildFile; fileRef = 330FE3D821DD2E1700AA3416 /* ShowDiscoveryViewController.storyboard */; };
		330FE3EC21DD369400AA3416 /* nordgrus2018.xml in Resources */ = {isa = PBXBuildFile; fileRef = 330FE3EA21DD369400AA3416 /* nordgrus2018.xml */; };
		330FE3ED21DD369400AA3416 /* nordgrus2018.xml in Resources */ = {isa = PBXBuildFile; fileRef = 330FE3EB21DD369400AA3416 /* nordgrus2018.xml */; };
		338D13E421C65F3F0065BB8D /* AppDelegate.swift in Sources */ = {isa = PBXBuildFile; fileRef = 338D13E321C65F3F0065BB8D /* AppDelegate.swift */; };
		338D13EB21C65F410065BB8D /* Assets.xcassets in Resources */ = {isa = PBXBuildFile; fileRef = 338D13EA21C65F410065BB8D /* Assets.xcassets */; };
		338D13EE21C65F410065BB8D /* LaunchScreen.storyboard in Resources */ = {isa = PBXBuildFile; fileRef = 338D13EC21C65F410065BB8D /* LaunchScreen.storyboard */; };
		338D13FB21C660B70065BB8D /* Repository.swift in Sources */ = {isa = PBXBuildFile; fileRef = 338D13FA21C660B70065BB8D /* Repository.swift */; };
		338D140B21C66A800065BB8D /* MockRepository.swift in Sources */ = {isa = PBXBuildFile; fileRef = 338D140A21C66A800065BB8D /* MockRepository.swift */; };
		338D140D21C66AF10065BB8D /* Cast.swift in Sources */ = {isa = PBXBuildFile; fileRef = 338D140C21C66AF10065BB8D /* Cast.swift */; };
		338D140F21C66EE50065BB8D /* Discovery.swift in Sources */ = {isa = PBXBuildFile; fileRef = 338D140E21C66EE50065BB8D /* Discovery.swift */; };
		338D141121C6707A0065BB8D /* SoundClip.swift in Sources */ = {isa = PBXBuildFile; fileRef = 338D141021C6707A0065BB8D /* SoundClip.swift */; };
		338D141621C674110065BB8D /* pointA.m4a in Resources */ = {isa = PBXBuildFile; fileRef = 338D141321C674100065BB8D /* pointA.m4a */; };
		338D141721C674110065BB8D /* pointB.m4a in Resources */ = {isa = PBXBuildFile; fileRef = 338D141421C674110065BB8D /* pointB.m4a */; };
		338D141821C674110065BB8D /* pointC.m4a in Resources */ = {isa = PBXBuildFile; fileRef = 338D141521C674110065BB8D /* pointC.m4a */; };
		338D141A21C739830065BB8D /* LocationManager.swift in Sources */ = {isa = PBXBuildFile; fileRef = 338D141921C739830065BB8D /* LocationManager.swift */; };
		3394EC4A22158D8D00730DF6 /* gravelcast1.xml in Resources */ = {isa = PBXBuildFile; fileRef = 3394EC4922158D8D00730DF6 /* gravelcast1.xml */; };
		3394EC50221AA11600730DF6 /* gyrstingetestride.xml in Resources */ = {isa = PBXBuildFile; fileRef = 3394EC4F221AA11600730DF6 /* gyrstingetestride.xml */; };
		3394EC57221AA77900730DF6 /* gyr_dp2.m4a in Resources */ = {isa = PBXBuildFile; fileRef = 3394EC52221AA77900730DF6 /* gyr_dp2.m4a */; };
		3394EC58221AA77900730DF6 /* gyr_dp3.m4a in Resources */ = {isa = PBXBuildFile; fileRef = 3394EC53221AA77900730DF6 /* gyr_dp3.m4a */; };
		3394EC59221AA77900730DF6 /* gyr_dp1.m4a in Resources */ = {isa = PBXBuildFile; fileRef = 3394EC54221AA77900730DF6 /* gyr_dp1.m4a */; };
		3394EC5A221AA77900730DF6 /* gyr_dp4.m4a in Resources */ = {isa = PBXBuildFile; fileRef = 3394EC55221AA77900730DF6 /* gyr_dp4.m4a */; };
		3394EC5B221AA77900730DF6 /* gyr_dp5.m4a in Resources */ = {isa = PBXBuildFile; fileRef = 3394EC56221AA77900730DF6 /* gyr_dp5.m4a */; };
		3394EC61221ABDDD00730DF6 /* gyr_dp1_h.m4a in Resources */ = {isa = PBXBuildFile; fileRef = 3394EC5C221ABDDC00730DF6 /* gyr_dp1_h.m4a */; };
		3394EC62221ABDDD00730DF6 /* gyr_dp3_h.m4a in Resources */ = {isa = PBXBuildFile; fileRef = 3394EC5D221ABDDD00730DF6 /* gyr_dp3_h.m4a */; };
		3394EC63221ABDDD00730DF6 /* gyr_dp2_h.m4a in Resources */ = {isa = PBXBuildFile; fileRef = 3394EC5E221ABDDD00730DF6 /* gyr_dp2_h.m4a */; };
		3394EC64221ABDDD00730DF6 /* gyr_dp4_h.m4a in Resources */ = {isa = PBXBuildFile; fileRef = 3394EC5F221ABDDD00730DF6 /* gyr_dp4_h.m4a */; };
		3394EC65221ABDDD00730DF6 /* gyr_dp5_h.m4a in Resources */ = {isa = PBXBuildFile; fileRef = 3394EC60221ABDDD00730DF6 /* gyr_dp5_h.m4a */; };
		3394EC67221ABF0A00730DF6 /* notification_sound_h.m4a in Resources */ = {isa = PBXBuildFile; fileRef = 3394EC66221ABF0A00730DF6 /* notification_sound_h.m4a */; };
		339C024F21F467AA00A91C7A /* AudioManager.swift in Sources */ = {isa = PBXBuildFile; fileRef = 339C024E21F467AA00A91C7A /* AudioManager.swift */; };
		339C025121F4737900A91C7A /* NotificationManager.swift in Sources */ = {isa = PBXBuildFile; fileRef = 339C025021F4737900A91C7A /* NotificationManager.swift */; };
		339C025321F4793F00A91C7A /* notification_sound.m4a in Resources */ = {isa = PBXBuildFile; fileRef = 339C025221F4793F00A91C7A /* notification_sound.m4a */; };
		33ACD028221C4BA00051F2C9 /* gc1_s4.m4a in Resources */ = {isa = PBXBuildFile; fileRef = 33ACD00F221C4B9F0051F2C9 /* gc1_s4.m4a */; };
		33ACD029221C4BA00051F2C9 /* gc1_dp5.m4a in Resources */ = {isa = PBXBuildFile; fileRef = 33ACD010221C4B9F0051F2C9 /* gc1_dp5.m4a */; };
		33ACD02A221C4BA00051F2C9 /* gc1_s3.m4a in Resources */ = {isa = PBXBuildFile; fileRef = 33ACD011221C4B9F0051F2C9 /* gc1_s3.m4a */; };
		33ACD02B221C4BA00051F2C9 /* gc1_s10.m4a in Resources */ = {isa = PBXBuildFile; fileRef = 33ACD012221C4B9F0051F2C9 /* gc1_s10.m4a */; };
		33ACD02C221C4BA00051F2C9 /* gc1_s9.m4a in Resources */ = {isa = PBXBuildFile; fileRef = 33ACD013221C4B9F0051F2C9 /* gc1_s9.m4a */; };
		33ACD02D221C4BA00051F2C9 /* gc1_s1.m4a in Resources */ = {isa = PBXBuildFile; fileRef = 33ACD014221C4B9F0051F2C9 /* gc1_s1.m4a */; };
		33ACD02E221C4BA00051F2C9 /* gc1_s12.m4a in Resources */ = {isa = PBXBuildFile; fileRef = 33ACD015221C4B9F0051F2C9 /* gc1_s12.m4a */; };
		33ACD02F221C4BA00051F2C9 /* gc1_s13.m4a in Resources */ = {isa = PBXBuildFile; fileRef = 33ACD016221C4B9F0051F2C9 /* gc1_s13.m4a */; };
		33ACD030221C4BA00051F2C9 /* gc1_s6.m4a in Resources */ = {isa = PBXBuildFile; fileRef = 33ACD017221C4B9F0051F2C9 /* gc1_s6.m4a */; };
		33ACD031221C4BA00051F2C9 /* gc1_s5.m4a in Resources */ = {isa = PBXBuildFile; fileRef = 33ACD018221C4B9F0051F2C9 /* gc1_s5.m4a */; };
		33ACD032221C4BA00051F2C9 /* gc1_s11.m4a in Resources */ = {isa = PBXBuildFile; fileRef = 33ACD019221C4B9F0051F2C9 /* gc1_s11.m4a */; };
		33ACD033221C4BA00051F2C9 /* gc1_welcome.m4a in Resources */ = {isa = PBXBuildFile; fileRef = 33ACD01A221C4BA00051F2C9 /* gc1_welcome.m4a */; };
		33ACD034221C4BA00051F2C9 /* gc1_s7.m4a in Resources */ = {isa = PBXBuildFile; fileRef = 33ACD01B221C4BA00051F2C9 /* gc1_s7.m4a */; };
		33ACD035221C4BA00051F2C9 /* gc1_end.m4a in Resources */ = {isa = PBXBuildFile; fileRef = 33ACD01C221C4BA00051F2C9 /* gc1_end.m4a */; };
		33ACD036221C4BA00051F2C9 /* gc1_dp2.m4a in Resources */ = {isa = PBXBuildFile; fileRef = 33ACD01D221C4BA00051F2C9 /* gc1_dp2.m4a */; };
		33ACD037221C4BA00051F2C9 /* gc1_s2.m4a in Resources */ = {isa = PBXBuildFile; fileRef = 33ACD01E221C4BA00051F2C9 /* gc1_s2.m4a */; };
		33ACD038221C4BA00051F2C9 /* gc1_dp1.m4a in Resources */ = {isa = PBXBuildFile; fileRef = 33ACD01F221C4BA00051F2C9 /* gc1_dp1.m4a */; };
		33ACD039221C4BA00051F2C9 /* gc1_s14.m4a in Resources */ = {isa = PBXBuildFile; fileRef = 33ACD020221C4BA00051F2C9 /* gc1_s14.m4a */; };
		33ACD03A221C4BA00051F2C9 /* gc1_dp7.m4a in Resources */ = {isa = PBXBuildFile; fileRef = 33ACD021221C4BA00051F2C9 /* gc1_dp7.m4a */; };
		33ACD03B221C4BA00051F2C9 /* gc1_dp4.m4a in Resources */ = {isa = PBXBuildFile; fileRef = 33ACD022221C4BA00051F2C9 /* gc1_dp4.m4a */; };
		33ACD03C221C4BA00051F2C9 /* gc1_s16.m4a in Resources */ = {isa = PBXBuildFile; fileRef = 33ACD023221C4BA00051F2C9 /* gc1_s16.m4a */; };
		33ACD03D221C4BA00051F2C9 /* gc1_dp3.m4a in Resources */ = {isa = PBXBuildFile; fileRef = 33ACD024221C4BA00051F2C9 /* gc1_dp3.m4a */; };
		33ACD03E221C4BA00051F2C9 /* gc1_s15.m4a in Resources */ = {isa = PBXBuildFile; fileRef = 33ACD025221C4BA00051F2C9 /* gc1_s15.m4a */; };
		33ACD03F221C4BA00051F2C9 /* gc1_dp6.m4a in Resources */ = {isa = PBXBuildFile; fileRef = 33ACD026221C4BA00051F2C9 /* gc1_dp6.m4a */; };
		33ACD040221C4BA00051F2C9 /* gc1_s8.m4a in Resources */ = {isa = PBXBuildFile; fileRef = 33ACD027221C4BA00051F2C9 /* gc1_s8.m4a */; };
		33ACD04A222547860051F2C9 /* CircularStd-BlackItalic.otf in Resources */ = {isa = PBXBuildFile; fileRef = 33ACD042222547850051F2C9 /* CircularStd-BlackItalic.otf */; };
		33ACD04B222547860051F2C9 /* CircularStd-MediumItalic.otf in Resources */ = {isa = PBXBuildFile; fileRef = 33ACD043222547850051F2C9 /* CircularStd-MediumItalic.otf */; };
		33ACD04C222547860051F2C9 /* CircularStd-BoldItalic.otf in Resources */ = {isa = PBXBuildFile; fileRef = 33ACD044222547850051F2C9 /* CircularStd-BoldItalic.otf */; };
		33ACD04D222547860051F2C9 /* CircularStd-Bold.otf in Resources */ = {isa = PBXBuildFile; fileRef = 33ACD045222547850051F2C9 /* CircularStd-Bold.otf */; };
		33ACD04E222547860051F2C9 /* CircularStd-Black.otf in Resources */ = {isa = PBXBuildFile; fileRef = 33ACD046222547850051F2C9 /* CircularStd-Black.otf */; };
		33ACD04F222547860051F2C9 /* CircularStd-BookItalic.otf in Resources */ = {isa = PBXBuildFile; fileRef = 33ACD047222547850051F2C9 /* CircularStd-BookItalic.otf */; };
		33ACD050222547860051F2C9 /* CircularStd-Medium.otf in Resources */ = {isa = PBXBuildFile; fileRef = 33ACD048222547850051F2C9 /* CircularStd-Medium.otf */; };
		33ACD051222547860051F2C9 /* CircularStd-Book.otf in Resources */ = {isa = PBXBuildFile; fileRef = 33ACD049222547860051F2C9 /* CircularStd-Book.otf */; };
		33ACD05A22257EBA0051F2C9 /* IntroPresenter.swift in Sources */ = {isa = PBXBuildFile; fileRef = 33ACD05322257EBA0051F2C9 /* IntroPresenter.swift */; };
		33ACD05B22257EBA0051F2C9 /* IntroWorker.swift in Sources */ = {isa = PBXBuildFile; fileRef = 33ACD05422257EBA0051F2C9 /* IntroWorker.swift */; };
		33ACD05C22257EBA0051F2C9 /* IntroRouter.swift in Sources */ = {isa = PBXBuildFile; fileRef = 33ACD05522257EBA0051F2C9 /* IntroRouter.swift */; };
		33ACD05D22257EBA0051F2C9 /* IntroViewController.storyboard in Resources */ = {isa = PBXBuildFile; fileRef = 33ACD05622257EBA0051F2C9 /* IntroViewController.storyboard */; };
		33ACD05E22257EBA0051F2C9 /* IntroModels.swift in Sources */ = {isa = PBXBuildFile; fileRef = 33ACD05722257EBA0051F2C9 /* IntroModels.swift */; };
		33ACD05F22257EBA0051F2C9 /* IntroViewController.swift in Sources */ = {isa = PBXBuildFile; fileRef = 33ACD05822257EBA0051F2C9 /* IntroViewController.swift */; };
		33ACD06022257EBA0051F2C9 /* IntroInteractor.swift in Sources */ = {isa = PBXBuildFile; fileRef = 33ACD05922257EBA0051F2C9 /* IntroInteractor.swift */; };
		33C6CEB821DE1BDC00AA9E64 /* ShowCastModels.swift in Sources */ = {isa = PBXBuildFile; fileRef = 33C6CEB121DE1BDC00AA9E64 /* ShowCastModels.swift */; };
		33C6CEB921DE1BDC00AA9E64 /* ShowCastWorker.swift in Sources */ = {isa = PBXBuildFile; fileRef = 33C6CEB221DE1BDC00AA9E64 /* ShowCastWorker.swift */; };
		33C6CEBA21DE1BDC00AA9E64 /* ShowCastRouter.swift in Sources */ = {isa = PBXBuildFile; fileRef = 33C6CEB321DE1BDC00AA9E64 /* ShowCastRouter.swift */; };
		33C6CEBB21DE1BDC00AA9E64 /* ShowCastViewController.storyboard in Resources */ = {isa = PBXBuildFile; fileRef = 33C6CEB421DE1BDC00AA9E64 /* ShowCastViewController.storyboard */; };
		33C6CEBC21DE1BDC00AA9E64 /* ShowCastViewController.swift in Sources */ = {isa = PBXBuildFile; fileRef = 33C6CEB521DE1BDC00AA9E64 /* ShowCastViewController.swift */; };
		33C6CEBD21DE1BDC00AA9E64 /* ShowCastPresenter.swift in Sources */ = {isa = PBXBuildFile; fileRef = 33C6CEB621DE1BDC00AA9E64 /* ShowCastPresenter.swift */; };
		33C6CEBE21DE1BDC00AA9E64 /* ShowCastInteractor.swift in Sources */ = {isa = PBXBuildFile; fileRef = 33C6CEB721DE1BDC00AA9E64 /* ShowCastInteractor.swift */; };
		33C6CEC321DF49D700AA9E64 /* graapilevej.jpg in Resources */ = {isa = PBXBuildFile; fileRef = 33C6CEC021DF49D700AA9E64 /* graapilevej.jpg */; };
		33C6CEC421DF49D700AA9E64 /* moeldrupvej.jpg in Resources */ = {isa = PBXBuildFile; fileRef = 33C6CEC121DF49D700AA9E64 /* moeldrupvej.jpg */; };
		33C6CEC521DF49D700AA9E64 /* veloropa.jpg in Resources */ = {isa = PBXBuildFile; fileRef = 33C6CEC221DF49D700AA9E64 /* veloropa.jpg */; };
		33C6CEC721DF5BBD00AA9E64 /* Kingfisher.framework in Frameworks */ = {isa = PBXBuildFile; fileRef = 33C6CEC621DF5BBD00AA9E64 /* Kingfisher.framework */; };
		33C6CED121DF6D5200AA9E64 /* PresentCastViewController.swift in Sources */ = {isa = PBXBuildFile; fileRef = 33C6CECD21DF6D5200AA9E64 /* PresentCastViewController.swift */; };
		33C6CED221DF6D5200AA9E64 /* PresentCastViewController.storyboard in Resources */ = {isa = PBXBuildFile; fileRef = 33C6CECE21DF6D5200AA9E64 /* PresentCastViewController.storyboard */; };
		33C6CED421DF716100AA9E64 /* nordgrus.jpg in Resources */ = {isa = PBXBuildFile; fileRef = 33C6CED321DF716100AA9E64 /* nordgrus.jpg */; };
		33C9CAD522414A0400D9B413 /* PickAreaPresenter.swift in Sources */ = {isa = PBXBuildFile; fileRef = 33C9CACE22414A0400D9B413 /* PickAreaPresenter.swift */; };
		33C9CAD622414A0400D9B413 /* PickAreaWorker.swift in Sources */ = {isa = PBXBuildFile; fileRef = 33C9CACF22414A0400D9B413 /* PickAreaWorker.swift */; };
		33C9CAD722414A0400D9B413 /* PickAreaRouter.swift in Sources */ = {isa = PBXBuildFile; fileRef = 33C9CAD022414A0400D9B413 /* PickAreaRouter.swift */; };
		33C9CAD822414A0400D9B413 /* PickAreaViewController.storyboard in Resources */ = {isa = PBXBuildFile; fileRef = 33C9CAD122414A0400D9B413 /* PickAreaViewController.storyboard */; };
		33C9CAD922414A0400D9B413 /* PickAreaModels.swift in Sources */ = {isa = PBXBuildFile; fileRef = 33C9CAD222414A0400D9B413 /* PickAreaModels.swift */; };
		33C9CADA22414A0400D9B413 /* PickAreaViewController.swift in Sources */ = {isa = PBXBuildFile; fileRef = 33C9CAD322414A0400D9B413 /* PickAreaViewController.swift */; };
		33C9CADB22414A0400D9B413 /* PickAreaInteractor.swift in Sources */ = {isa = PBXBuildFile; fileRef = 33C9CAD422414A0400D9B413 /* PickAreaInteractor.swift */; };
		33C9CADD2241841900D9B413 /* Lottie.framework in Frameworks */ = {isa = PBXBuildFile; fileRef = 33C9CADC2241841900D9B413 /* Lottie.framework */; };
		33C9CAE0224184B800D9B413 /* pulse-effect.json in Resources */ = {isa = PBXBuildFile; fileRef = 33C9CADF224184B800D9B413 /* pulse-effect.json */; };
		33C9CAE2224186ED00D9B413 /* LottieButton.swift in Sources */ = {isa = PBXBuildFile; fileRef = 33C9CAE1224186ED00D9B413 /* LottieButton.swift */; };
		33DC7FD221CBE36B00F5C736 /* ListCastsPresenter.swift in Sources */ = {isa = PBXBuildFile; fileRef = 33DC7FCB21CBE36B00F5C736 /* ListCastsPresenter.swift */; };
		33DC7FD321CBE36B00F5C736 /* ListCastsWorker.swift in Sources */ = {isa = PBXBuildFile; fileRef = 33DC7FCC21CBE36B00F5C736 /* ListCastsWorker.swift */; };
		33DC7FD421CBE36B00F5C736 /* ListCastsRouter.swift in Sources */ = {isa = PBXBuildFile; fileRef = 33DC7FCD21CBE36B00F5C736 /* ListCastsRouter.swift */; };
		33DC7FD521CBE36B00F5C736 /* ListCastsViewController.storyboard in Resources */ = {isa = PBXBuildFile; fileRef = 33DC7FCE21CBE36B00F5C736 /* ListCastsViewController.storyboard */; };
		33DC7FD621CBE36B00F5C736 /* ListCastsModels.swift in Sources */ = {isa = PBXBuildFile; fileRef = 33DC7FCF21CBE36B00F5C736 /* ListCastsModels.swift */; };
		33DC7FD721CBE36B00F5C736 /* ListCastsViewController.swift in Sources */ = {isa = PBXBuildFile; fileRef = 33DC7FD021CBE36B00F5C736 /* ListCastsViewController.swift */; };
		33DC7FD821CBE36B00F5C736 /* ListCastsInteractor.swift in Sources */ = {isa = PBXBuildFile; fileRef = 33DC7FD121CBE36B00F5C736 /* ListCastsInteractor.swift */; };
		33DC7FDC21CBE46A00F5C736 /* CastCell.swift in Sources */ = {isa = PBXBuildFile; fileRef = 33DC7FDA21CBE46A00F5C736 /* CastCell.swift */; };
		33DC7FDD21CBE46A00F5C736 /* CastCell.xib in Resources */ = {isa = PBXBuildFile; fileRef = 33DC7FDB21CBE46A00F5C736 /* CastCell.xib */; };
		33DC7FE021CBE75200F5C736 /* Extensions.swift in Sources */ = {isa = PBXBuildFile; fileRef = 33DC7FDF21CBE75200F5C736 /* Extensions.swift */; };
		33E1BAEA21D27C45002E23AE /* ExploreViewController.storyboard in Resources */ = {isa = PBXBuildFile; fileRef = 33E1BAE121D27C45002E23AE /* ExploreViewController.storyboard */; };
		33E1BAEB21D27C45002E23AE /* ExploreViewController.swift in Sources */ = {isa = PBXBuildFile; fileRef = 33E1BAE221D27C45002E23AE /* ExploreViewController.swift */; };
		33E1BAEC21D27C45002E23AE /* ExploreInteractor.swift in Sources */ = {isa = PBXBuildFile; fileRef = 33E1BAE321D27C45002E23AE /* ExploreInteractor.swift */; };
		33E1BAED21D27C45002E23AE /* ExploreWorker.swift in Sources */ = {isa = PBXBuildFile; fileRef = 33E1BAE421D27C45002E23AE /* ExploreWorker.swift */; };
		33E1BAEE21D27C45002E23AE /* ExploreRouter.swift in Sources */ = {isa = PBXBuildFile; fileRef = 33E1BAE521D27C45002E23AE /* ExploreRouter.swift */; };
		33E1BAEF21D27C45002E23AE /* ExploreModels.swift in Sources */ = {isa = PBXBuildFile; fileRef = 33E1BAE621D27C45002E23AE /* ExploreModels.swift */; };
		33E1BAF021D27C45002E23AE /* ExplorePresenter.swift in Sources */ = {isa = PBXBuildFile; fileRef = 33E1BAE721D27C45002E23AE /* ExplorePresenter.swift */; };
		33E1BAF121D27C45002E23AE /* MainTabBar.swift in Sources */ = {isa = PBXBuildFile; fileRef = 33E1BAE921D27C45002E23AE /* MainTabBar.swift */; };
		33E1BAFA21D27CB1002E23AE /* MakeCastPresenter.swift in Sources */ = {isa = PBXBuildFile; fileRef = 33E1BAF321D27CB1002E23AE /* MakeCastPresenter.swift */; };
		33E1BAFB21D27CB1002E23AE /* MakeCastWorker.swift in Sources */ = {isa = PBXBuildFile; fileRef = 33E1BAF421D27CB1002E23AE /* MakeCastWorker.swift */; };
		33E1BAFC21D27CB1002E23AE /* MakeCastRouter.swift in Sources */ = {isa = PBXBuildFile; fileRef = 33E1BAF521D27CB1002E23AE /* MakeCastRouter.swift */; };
		33E1BAFD21D27CB1002E23AE /* MakeCastViewController.storyboard in Resources */ = {isa = PBXBuildFile; fileRef = 33E1BAF621D27CB1002E23AE /* MakeCastViewController.storyboard */; };
		33E1BAFE21D27CB1002E23AE /* MakeCastModels.swift in Sources */ = {isa = PBXBuildFile; fileRef = 33E1BAF721D27CB1002E23AE /* MakeCastModels.swift */; };
		33E1BAFF21D27CB1002E23AE /* MakeCastViewController.swift in Sources */ = {isa = PBXBuildFile; fileRef = 33E1BAF821D27CB1002E23AE /* MakeCastViewController.swift */; };
		33E1BB0021D27CB1002E23AE /* MakeCastInteractor.swift in Sources */ = {isa = PBXBuildFile; fileRef = 33E1BAF921D27CB1002E23AE /* MakeCastInteractor.swift */; };
		33EF343921D23B1C0019F64E /* Colors.swift in Sources */ = {isa = PBXBuildFile; fileRef = 33EF343821D23B1B0019F64E /* Colors.swift */; };
/* End PBXBuildFile section */

/* Begin PBXFileReference section */
		330A251321D38A750042B901 /* ServerRepository.swift */ = {isa = PBXFileReference; lastKnownFileType = sourcecode.swift; path = ServerRepository.swift; sourceTree = "<group>"; };
		330A251521D38D650042B901 /* StravaServerRepository.swift */ = {isa = PBXFileReference; lastKnownFileType = sourcecode.swift; path = StravaServerRepository.swift; sourceTree = "<group>"; };
		330A251721D38D9D0042B901 /* Constants.swift */ = {isa = PBXFileReference; lastKnownFileType = sourcecode.swift; path = Constants.swift; sourceTree = "<group>"; };
		330A251A21D38F4F0042B901 /* Serpent.framework */ = {isa = PBXFileReference; lastKnownFileType = wrapper.framework; name = Serpent.framework; path = Explore/Carthage/Build/iOS/Serpent.framework; sourceTree = "<group>"; };
		330A251B21D38F4F0042B901 /* Cashier.framework */ = {isa = PBXFileReference; lastKnownFileType = wrapper.framework; name = Cashier.framework; path = Explore/Carthage/Build/iOS/Cashier.framework; sourceTree = "<group>"; };
		330A251C21D38F4F0042B901 /* Alamofire.framework */ = {isa = PBXFileReference; lastKnownFileType = wrapper.framework; name = Alamofire.framework; path = Explore/Carthage/Build/iOS/Alamofire.framework; sourceTree = "<group>"; };
		330A251D21D38F4F0042B901 /* SnapKit.framework */ = {isa = PBXFileReference; lastKnownFileType = wrapper.framework; name = SnapKit.framework; path = Explore/Carthage/Build/iOS/SnapKit.framework; sourceTree = "<group>"; };
		330A252321D39F920042B901 /* StravaRoute.swift */ = {isa = PBXFileReference; lastKnownFileType = sourcecode.swift; path = StravaRoute.swift; sourceTree = "<group>"; };
		330FE3D621DD2DF200AA3416 /* ShowDiscoveryViewController.swift */ = {isa = PBXFileReference; lastKnownFileType = sourcecode.swift; path = ShowDiscoveryViewController.swift; sourceTree = "<group>"; };
		330FE3D821DD2E1700AA3416 /* ShowDiscoveryViewController.storyboard */ = {isa = PBXFileReference; lastKnownFileType = file.storyboard; path = ShowDiscoveryViewController.storyboard; sourceTree = "<group>"; };
		330FE3EA21DD369400AA3416 /* nordgrus2018.xml */ = {isa = PBXFileReference; fileEncoding = 4; lastKnownFileType = text.xml; path = nordgrus2018.xml; sourceTree = "<group>"; };
		330FE3EB21DD369400AA3416 /* nordgrus2018.xml */ = {isa = PBXFileReference; fileEncoding = 4; lastKnownFileType = text.xml; name = nordgrus2018.xml; path = GPX/nordgrus2018.xml; sourceTree = "<group>"; };
		338D13E021C65F3F0065BB8D /* Explore.app */ = {isa = PBXFileReference; explicitFileType = wrapper.application; includeInIndex = 0; path = Explore.app; sourceTree = BUILT_PRODUCTS_DIR; };
		338D13E321C65F3F0065BB8D /* AppDelegate.swift */ = {isa = PBXFileReference; lastKnownFileType = sourcecode.swift; path = AppDelegate.swift; sourceTree = "<group>"; };
		338D13EA21C65F410065BB8D /* Assets.xcassets */ = {isa = PBXFileReference; lastKnownFileType = folder.assetcatalog; path = Assets.xcassets; sourceTree = "<group>"; };
		338D13ED21C65F410065BB8D /* Base */ = {isa = PBXFileReference; lastKnownFileType = file.storyboard; name = Base; path = Base.lproj/LaunchScreen.storyboard; sourceTree = "<group>"; };
		338D13EF21C65F410065BB8D /* Info.plist */ = {isa = PBXFileReference; lastKnownFileType = text.plist.xml; path = Info.plist; sourceTree = "<group>"; };
		338D13FA21C660B70065BB8D /* Repository.swift */ = {isa = PBXFileReference; lastKnownFileType = sourcecode.swift; path = Repository.swift; sourceTree = "<group>"; };
		338D140A21C66A800065BB8D /* MockRepository.swift */ = {isa = PBXFileReference; lastKnownFileType = sourcecode.swift; path = MockRepository.swift; sourceTree = "<group>"; };
		338D140C21C66AF10065BB8D /* Cast.swift */ = {isa = PBXFileReference; lastKnownFileType = sourcecode.swift; path = Cast.swift; sourceTree = "<group>"; };
		338D140E21C66EE50065BB8D /* Discovery.swift */ = {isa = PBXFileReference; lastKnownFileType = sourcecode.swift; path = Discovery.swift; sourceTree = "<group>"; };
		338D141021C6707A0065BB8D /* SoundClip.swift */ = {isa = PBXFileReference; lastKnownFileType = sourcecode.swift; path = SoundClip.swift; sourceTree = "<group>"; };
		338D141321C674100065BB8D /* pointA.m4a */ = {isa = PBXFileReference; lastKnownFileType = file; path = pointA.m4a; sourceTree = "<group>"; };
		338D141421C674110065BB8D /* pointB.m4a */ = {isa = PBXFileReference; lastKnownFileType = file; path = pointB.m4a; sourceTree = "<group>"; };
		338D141521C674110065BB8D /* pointC.m4a */ = {isa = PBXFileReference; lastKnownFileType = file; path = pointC.m4a; sourceTree = "<group>"; };
		338D141921C739830065BB8D /* LocationManager.swift */ = {isa = PBXFileReference; lastKnownFileType = sourcecode.swift; path = LocationManager.swift; sourceTree = "<group>"; };
		3394EC4922158D8D00730DF6 /* gravelcast1.xml */ = {isa = PBXFileReference; fileEncoding = 4; lastKnownFileType = text.xml; path = gravelcast1.xml; sourceTree = "<group>"; };
		3394EC4F221AA11600730DF6 /* gyrstingetestride.xml */ = {isa = PBXFileReference; fileEncoding = 4; lastKnownFileType = text.xml; path = gyrstingetestride.xml; sourceTree = "<group>"; };
		3394EC52221AA77900730DF6 /* gyr_dp2.m4a */ = {isa = PBXFileReference; lastKnownFileType = file; path = gyr_dp2.m4a; sourceTree = "<group>"; };
		3394EC53221AA77900730DF6 /* gyr_dp3.m4a */ = {isa = PBXFileReference; lastKnownFileType = file; path = gyr_dp3.m4a; sourceTree = "<group>"; };
		3394EC54221AA77900730DF6 /* gyr_dp1.m4a */ = {isa = PBXFileReference; lastKnownFileType = file; path = gyr_dp1.m4a; sourceTree = "<group>"; };
		3394EC55221AA77900730DF6 /* gyr_dp4.m4a */ = {isa = PBXFileReference; lastKnownFileType = file; path = gyr_dp4.m4a; sourceTree = "<group>"; };
		3394EC56221AA77900730DF6 /* gyr_dp5.m4a */ = {isa = PBXFileReference; lastKnownFileType = file; path = gyr_dp5.m4a; sourceTree = "<group>"; };
		3394EC5C221ABDDC00730DF6 /* gyr_dp1_h.m4a */ = {isa = PBXFileReference; lastKnownFileType = file; path = gyr_dp1_h.m4a; sourceTree = "<group>"; };
		3394EC5D221ABDDD00730DF6 /* gyr_dp3_h.m4a */ = {isa = PBXFileReference; lastKnownFileType = file; path = gyr_dp3_h.m4a; sourceTree = "<group>"; };
		3394EC5E221ABDDD00730DF6 /* gyr_dp2_h.m4a */ = {isa = PBXFileReference; lastKnownFileType = file; path = gyr_dp2_h.m4a; sourceTree = "<group>"; };
		3394EC5F221ABDDD00730DF6 /* gyr_dp4_h.m4a */ = {isa = PBXFileReference; lastKnownFileType = file; path = gyr_dp4_h.m4a; sourceTree = "<group>"; };
		3394EC60221ABDDD00730DF6 /* gyr_dp5_h.m4a */ = {isa = PBXFileReference; lastKnownFileType = file; path = gyr_dp5_h.m4a; sourceTree = "<group>"; };
		3394EC66221ABF0A00730DF6 /* notification_sound_h.m4a */ = {isa = PBXFileReference; lastKnownFileType = file; path = notification_sound_h.m4a; sourceTree = "<group>"; };
		339C024E21F467AA00A91C7A /* AudioManager.swift */ = {isa = PBXFileReference; lastKnownFileType = sourcecode.swift; path = AudioManager.swift; sourceTree = "<group>"; };
		339C025021F4737900A91C7A /* NotificationManager.swift */ = {isa = PBXFileReference; lastKnownFileType = sourcecode.swift; path = NotificationManager.swift; sourceTree = "<group>"; };
		339C025221F4793F00A91C7A /* notification_sound.m4a */ = {isa = PBXFileReference; lastKnownFileType = file; path = notification_sound.m4a; sourceTree = "<group>"; };
		33ACD00F221C4B9F0051F2C9 /* gc1_s4.m4a */ = {isa = PBXFileReference; lastKnownFileType = file; path = gc1_s4.m4a; sourceTree = "<group>"; };
		33ACD010221C4B9F0051F2C9 /* gc1_dp5.m4a */ = {isa = PBXFileReference; lastKnownFileType = file; path = gc1_dp5.m4a; sourceTree = "<group>"; };
		33ACD011221C4B9F0051F2C9 /* gc1_s3.m4a */ = {isa = PBXFileReference; lastKnownFileType = file; path = gc1_s3.m4a; sourceTree = "<group>"; };
		33ACD012221C4B9F0051F2C9 /* gc1_s10.m4a */ = {isa = PBXFileReference; lastKnownFileType = file; path = gc1_s10.m4a; sourceTree = "<group>"; };
		33ACD013221C4B9F0051F2C9 /* gc1_s9.m4a */ = {isa = PBXFileReference; lastKnownFileType = file; path = gc1_s9.m4a; sourceTree = "<group>"; };
		33ACD014221C4B9F0051F2C9 /* gc1_s1.m4a */ = {isa = PBXFileReference; lastKnownFileType = file; path = gc1_s1.m4a; sourceTree = "<group>"; };
		33ACD015221C4B9F0051F2C9 /* gc1_s12.m4a */ = {isa = PBXFileReference; lastKnownFileType = file; path = gc1_s12.m4a; sourceTree = "<group>"; };
		33ACD016221C4B9F0051F2C9 /* gc1_s13.m4a */ = {isa = PBXFileReference; lastKnownFileType = file; path = gc1_s13.m4a; sourceTree = "<group>"; };
		33ACD017221C4B9F0051F2C9 /* gc1_s6.m4a */ = {isa = PBXFileReference; lastKnownFileType = file; path = gc1_s6.m4a; sourceTree = "<group>"; };
		33ACD018221C4B9F0051F2C9 /* gc1_s5.m4a */ = {isa = PBXFileReference; lastKnownFileType = file; path = gc1_s5.m4a; sourceTree = "<group>"; };
		33ACD019221C4B9F0051F2C9 /* gc1_s11.m4a */ = {isa = PBXFileReference; lastKnownFileType = file; path = gc1_s11.m4a; sourceTree = "<group>"; };
		33ACD01A221C4BA00051F2C9 /* gc1_welcome.m4a */ = {isa = PBXFileReference; lastKnownFileType = file; path = gc1_welcome.m4a; sourceTree = "<group>"; };
		33ACD01B221C4BA00051F2C9 /* gc1_s7.m4a */ = {isa = PBXFileReference; lastKnownFileType = file; path = gc1_s7.m4a; sourceTree = "<group>"; };
		33ACD01C221C4BA00051F2C9 /* gc1_end.m4a */ = {isa = PBXFileReference; lastKnownFileType = file; path = gc1_end.m4a; sourceTree = "<group>"; };
		33ACD01D221C4BA00051F2C9 /* gc1_dp2.m4a */ = {isa = PBXFileReference; lastKnownFileType = file; path = gc1_dp2.m4a; sourceTree = "<group>"; };
		33ACD01E221C4BA00051F2C9 /* gc1_s2.m4a */ = {isa = PBXFileReference; lastKnownFileType = file; path = gc1_s2.m4a; sourceTree = "<group>"; };
		33ACD01F221C4BA00051F2C9 /* gc1_dp1.m4a */ = {isa = PBXFileReference; lastKnownFileType = file; path = gc1_dp1.m4a; sourceTree = "<group>"; };
		33ACD020221C4BA00051F2C9 /* gc1_s14.m4a */ = {isa = PBXFileReference; lastKnownFileType = file; path = gc1_s14.m4a; sourceTree = "<group>"; };
		33ACD021221C4BA00051F2C9 /* gc1_dp7.m4a */ = {isa = PBXFileReference; lastKnownFileType = file; path = gc1_dp7.m4a; sourceTree = "<group>"; };
		33ACD022221C4BA00051F2C9 /* gc1_dp4.m4a */ = {isa = PBXFileReference; lastKnownFileType = file; path = gc1_dp4.m4a; sourceTree = "<group>"; };
		33ACD023221C4BA00051F2C9 /* gc1_s16.m4a */ = {isa = PBXFileReference; lastKnownFileType = file; path = gc1_s16.m4a; sourceTree = "<group>"; };
		33ACD024221C4BA00051F2C9 /* gc1_dp3.m4a */ = {isa = PBXFileReference; lastKnownFileType = file; path = gc1_dp3.m4a; sourceTree = "<group>"; };
		33ACD025221C4BA00051F2C9 /* gc1_s15.m4a */ = {isa = PBXFileReference; lastKnownFileType = file; path = gc1_s15.m4a; sourceTree = "<group>"; };
		33ACD026221C4BA00051F2C9 /* gc1_dp6.m4a */ = {isa = PBXFileReference; lastKnownFileType = file; path = gc1_dp6.m4a; sourceTree = "<group>"; };
		33ACD027221C4BA00051F2C9 /* gc1_s8.m4a */ = {isa = PBXFileReference; lastKnownFileType = file; path = gc1_s8.m4a; sourceTree = "<group>"; };
		33ACD042222547850051F2C9 /* CircularStd-BlackItalic.otf */ = {isa = PBXFileReference; lastKnownFileType = file; path = "CircularStd-BlackItalic.otf"; sourceTree = "<group>"; };
		33ACD043222547850051F2C9 /* CircularStd-MediumItalic.otf */ = {isa = PBXFileReference; lastKnownFileType = file; path = "CircularStd-MediumItalic.otf"; sourceTree = "<group>"; };
		33ACD044222547850051F2C9 /* CircularStd-BoldItalic.otf */ = {isa = PBXFileReference; lastKnownFileType = file; path = "CircularStd-BoldItalic.otf"; sourceTree = "<group>"; };
		33ACD045222547850051F2C9 /* CircularStd-Bold.otf */ = {isa = PBXFileReference; lastKnownFileType = file; path = "CircularStd-Bold.otf"; sourceTree = "<group>"; };
		33ACD046222547850051F2C9 /* CircularStd-Black.otf */ = {isa = PBXFileReference; lastKnownFileType = file; path = "CircularStd-Black.otf"; sourceTree = "<group>"; };
		33ACD047222547850051F2C9 /* CircularStd-BookItalic.otf */ = {isa = PBXFileReference; lastKnownFileType = file; path = "CircularStd-BookItalic.otf"; sourceTree = "<group>"; };
		33ACD048222547850051F2C9 /* CircularStd-Medium.otf */ = {isa = PBXFileReference; lastKnownFileType = file; path = "CircularStd-Medium.otf"; sourceTree = "<group>"; };
		33ACD049222547860051F2C9 /* CircularStd-Book.otf */ = {isa = PBXFileReference; lastKnownFileType = file; path = "CircularStd-Book.otf"; sourceTree = "<group>"; };
		33ACD05322257EBA0051F2C9 /* IntroPresenter.swift */ = {isa = PBXFileReference; lastKnownFileType = sourcecode.swift; path = IntroPresenter.swift; sourceTree = "<group>"; };
		33ACD05422257EBA0051F2C9 /* IntroWorker.swift */ = {isa = PBXFileReference; lastKnownFileType = sourcecode.swift; path = IntroWorker.swift; sourceTree = "<group>"; };
		33ACD05522257EBA0051F2C9 /* IntroRouter.swift */ = {isa = PBXFileReference; lastKnownFileType = sourcecode.swift; path = IntroRouter.swift; sourceTree = "<group>"; };
		33ACD05622257EBA0051F2C9 /* IntroViewController.storyboard */ = {isa = PBXFileReference; lastKnownFileType = file.storyboard; path = IntroViewController.storyboard; sourceTree = "<group>"; };
		33ACD05722257EBA0051F2C9 /* IntroModels.swift */ = {isa = PBXFileReference; lastKnownFileType = sourcecode.swift; path = IntroModels.swift; sourceTree = "<group>"; };
		33ACD05822257EBA0051F2C9 /* IntroViewController.swift */ = {isa = PBXFileReference; lastKnownFileType = sourcecode.swift; path = IntroViewController.swift; sourceTree = "<group>"; };
		33ACD05922257EBA0051F2C9 /* IntroInteractor.swift */ = {isa = PBXFileReference; lastKnownFileType = sourcecode.swift; path = IntroInteractor.swift; sourceTree = "<group>"; };
		33C6CEB121DE1BDC00AA9E64 /* ShowCastModels.swift */ = {isa = PBXFileReference; fileEncoding = 4; lastKnownFileType = sourcecode.swift; path = ShowCastModels.swift; sourceTree = "<group>"; };
		33C6CEB221DE1BDC00AA9E64 /* ShowCastWorker.swift */ = {isa = PBXFileReference; fileEncoding = 4; lastKnownFileType = sourcecode.swift; path = ShowCastWorker.swift; sourceTree = "<group>"; };
		33C6CEB321DE1BDC00AA9E64 /* ShowCastRouter.swift */ = {isa = PBXFileReference; fileEncoding = 4; lastKnownFileType = sourcecode.swift; path = ShowCastRouter.swift; sourceTree = "<group>"; };
		33C6CEB421DE1BDC00AA9E64 /* ShowCastViewController.storyboard */ = {isa = PBXFileReference; fileEncoding = 4; lastKnownFileType = file.storyboard; path = ShowCastViewController.storyboard; sourceTree = "<group>"; };
		33C6CEB521DE1BDC00AA9E64 /* ShowCastViewController.swift */ = {isa = PBXFileReference; fileEncoding = 4; lastKnownFileType = sourcecode.swift; path = ShowCastViewController.swift; sourceTree = "<group>"; };
		33C6CEB621DE1BDC00AA9E64 /* ShowCastPresenter.swift */ = {isa = PBXFileReference; fileEncoding = 4; lastKnownFileType = sourcecode.swift; path = ShowCastPresenter.swift; sourceTree = "<group>"; };
		33C6CEB721DE1BDC00AA9E64 /* ShowCastInteractor.swift */ = {isa = PBXFileReference; fileEncoding = 4; lastKnownFileType = sourcecode.swift; path = ShowCastInteractor.swift; sourceTree = "<group>"; };
		33C6CEC021DF49D700AA9E64 /* graapilevej.jpg */ = {isa = PBXFileReference; lastKnownFileType = image.jpeg; path = graapilevej.jpg; sourceTree = "<group>"; };
		33C6CEC121DF49D700AA9E64 /* moeldrupvej.jpg */ = {isa = PBXFileReference; lastKnownFileType = image.jpeg; path = moeldrupvej.jpg; sourceTree = "<group>"; };
		33C6CEC221DF49D700AA9E64 /* veloropa.jpg */ = {isa = PBXFileReference; lastKnownFileType = image.jpeg; path = veloropa.jpg; sourceTree = "<group>"; };
		33C6CEC621DF5BBD00AA9E64 /* Kingfisher.framework */ = {isa = PBXFileReference; lastKnownFileType = wrapper.framework; name = Kingfisher.framework; path = Explore/Carthage/Build/iOS/Kingfisher.framework; sourceTree = "<group>"; };
		33C6CECD21DF6D5200AA9E64 /* PresentCastViewController.swift */ = {isa = PBXFileReference; fileEncoding = 4; lastKnownFileType = sourcecode.swift; path = PresentCastViewController.swift; sourceTree = "<group>"; };
		33C6CECE21DF6D5200AA9E64 /* PresentCastViewController.storyboard */ = {isa = PBXFileReference; fileEncoding = 4; lastKnownFileType = file.storyboard; path = PresentCastViewController.storyboard; sourceTree = "<group>"; };
		33C6CED321DF716100AA9E64 /* nordgrus.jpg */ = {isa = PBXFileReference; lastKnownFileType = image.jpeg; path = nordgrus.jpg; sourceTree = "<group>"; };
		33C9CACE22414A0400D9B413 /* PickAreaPresenter.swift */ = {isa = PBXFileReference; lastKnownFileType = sourcecode.swift; path = PickAreaPresenter.swift; sourceTree = "<group>"; };
		33C9CACF22414A0400D9B413 /* PickAreaWorker.swift */ = {isa = PBXFileReference; lastKnownFileType = sourcecode.swift; path = PickAreaWorker.swift; sourceTree = "<group>"; };
		33C9CAD022414A0400D9B413 /* PickAreaRouter.swift */ = {isa = PBXFileReference; lastKnownFileType = sourcecode.swift; path = PickAreaRouter.swift; sourceTree = "<group>"; };
		33C9CAD122414A0400D9B413 /* PickAreaViewController.storyboard */ = {isa = PBXFileReference; lastKnownFileType = file.storyboard; path = PickAreaViewController.storyboard; sourceTree = "<group>"; };
		33C9CAD222414A0400D9B413 /* PickAreaModels.swift */ = {isa = PBXFileReference; lastKnownFileType = sourcecode.swift; path = PickAreaModels.swift; sourceTree = "<group>"; };
		33C9CAD322414A0400D9B413 /* PickAreaViewController.swift */ = {isa = PBXFileReference; lastKnownFileType = sourcecode.swift; path = PickAreaViewController.swift; sourceTree = "<group>"; };
		33C9CAD422414A0400D9B413 /* PickAreaInteractor.swift */ = {isa = PBXFileReference; lastKnownFileType = sourcecode.swift; path = PickAreaInteractor.swift; sourceTree = "<group>"; };
		33C9CADC2241841900D9B413 /* Lottie.framework */ = {isa = PBXFileReference; lastKnownFileType = wrapper.framework; name = Lottie.framework; path = Explore/Carthage/Build/iOS/Lottie.framework; sourceTree = "<group>"; };
		33C9CADF224184B800D9B413 /* pulse-effect.json */ = {isa = PBXFileReference; fileEncoding = 4; lastKnownFileType = text.json; path = "pulse-effect.json"; sourceTree = "<group>"; };
		33C9CAE1224186ED00D9B413 /* LottieButton.swift */ = {isa = PBXFileReference; lastKnownFileType = sourcecode.swift; path = LottieButton.swift; sourceTree = "<group>"; };
		33DC7FCB21CBE36B00F5C736 /* ListCastsPresenter.swift */ = {isa = PBXFileReference; lastKnownFileType = sourcecode.swift; path = ListCastsPresenter.swift; sourceTree = "<group>"; };
		33DC7FCC21CBE36B00F5C736 /* ListCastsWorker.swift */ = {isa = PBXFileReference; lastKnownFileType = sourcecode.swift; path = ListCastsWorker.swift; sourceTree = "<group>"; };
		33DC7FCD21CBE36B00F5C736 /* ListCastsRouter.swift */ = {isa = PBXFileReference; lastKnownFileType = sourcecode.swift; path = ListCastsRouter.swift; sourceTree = "<group>"; };
		33DC7FCE21CBE36B00F5C736 /* ListCastsViewController.storyboard */ = {isa = PBXFileReference; lastKnownFileType = file.storyboard; path = ListCastsViewController.storyboard; sourceTree = "<group>"; };
		33DC7FCF21CBE36B00F5C736 /* ListCastsModels.swift */ = {isa = PBXFileReference; lastKnownFileType = sourcecode.swift; path = ListCastsModels.swift; sourceTree = "<group>"; };
		33DC7FD021CBE36B00F5C736 /* ListCastsViewController.swift */ = {isa = PBXFileReference; lastKnownFileType = sourcecode.swift; path = ListCastsViewController.swift; sourceTree = "<group>"; };
		33DC7FD121CBE36B00F5C736 /* ListCastsInteractor.swift */ = {isa = PBXFileReference; lastKnownFileType = sourcecode.swift; path = ListCastsInteractor.swift; sourceTree = "<group>"; };
		33DC7FDA21CBE46A00F5C736 /* CastCell.swift */ = {isa = PBXFileReference; lastKnownFileType = sourcecode.swift; path = CastCell.swift; sourceTree = "<group>"; };
		33DC7FDB21CBE46A00F5C736 /* CastCell.xib */ = {isa = PBXFileReference; lastKnownFileType = file.xib; path = CastCell.xib; sourceTree = "<group>"; };
		33DC7FDF21CBE75200F5C736 /* Extensions.swift */ = {isa = PBXFileReference; lastKnownFileType = sourcecode.swift; path = Extensions.swift; sourceTree = "<group>"; };
		33E1BAE121D27C45002E23AE /* ExploreViewController.storyboard */ = {isa = PBXFileReference; fileEncoding = 4; lastKnownFileType = file.storyboard; path = ExploreViewController.storyboard; sourceTree = "<group>"; };
		33E1BAE221D27C45002E23AE /* ExploreViewController.swift */ = {isa = PBXFileReference; fileEncoding = 4; lastKnownFileType = sourcecode.swift; path = ExploreViewController.swift; sourceTree = "<group>"; };
		33E1BAE321D27C45002E23AE /* ExploreInteractor.swift */ = {isa = PBXFileReference; fileEncoding = 4; lastKnownFileType = sourcecode.swift; path = ExploreInteractor.swift; sourceTree = "<group>"; };
		33E1BAE421D27C45002E23AE /* ExploreWorker.swift */ = {isa = PBXFileReference; fileEncoding = 4; lastKnownFileType = sourcecode.swift; path = ExploreWorker.swift; sourceTree = "<group>"; };
		33E1BAE521D27C45002E23AE /* ExploreRouter.swift */ = {isa = PBXFileReference; fileEncoding = 4; lastKnownFileType = sourcecode.swift; path = ExploreRouter.swift; sourceTree = "<group>"; };
		33E1BAE621D27C45002E23AE /* ExploreModels.swift */ = {isa = PBXFileReference; fileEncoding = 4; lastKnownFileType = sourcecode.swift; path = ExploreModels.swift; sourceTree = "<group>"; };
		33E1BAE721D27C45002E23AE /* ExplorePresenter.swift */ = {isa = PBXFileReference; fileEncoding = 4; lastKnownFileType = sourcecode.swift; path = ExplorePresenter.swift; sourceTree = "<group>"; };
		33E1BAE921D27C45002E23AE /* MainTabBar.swift */ = {isa = PBXFileReference; fileEncoding = 4; lastKnownFileType = sourcecode.swift; path = MainTabBar.swift; sourceTree = "<group>"; };
		33E1BAF321D27CB1002E23AE /* MakeCastPresenter.swift */ = {isa = PBXFileReference; lastKnownFileType = sourcecode.swift; path = MakeCastPresenter.swift; sourceTree = "<group>"; };
		33E1BAF421D27CB1002E23AE /* MakeCastWorker.swift */ = {isa = PBXFileReference; lastKnownFileType = sourcecode.swift; path = MakeCastWorker.swift; sourceTree = "<group>"; };
		33E1BAF521D27CB1002E23AE /* MakeCastRouter.swift */ = {isa = PBXFileReference; lastKnownFileType = sourcecode.swift; path = MakeCastRouter.swift; sourceTree = "<group>"; };
		33E1BAF621D27CB1002E23AE /* MakeCastViewController.storyboard */ = {isa = PBXFileReference; lastKnownFileType = file.storyboard; path = MakeCastViewController.storyboard; sourceTree = "<group>"; };
		33E1BAF721D27CB1002E23AE /* MakeCastModels.swift */ = {isa = PBXFileReference; lastKnownFileType = sourcecode.swift; path = MakeCastModels.swift; sourceTree = "<group>"; };
		33E1BAF821D27CB1002E23AE /* MakeCastViewController.swift */ = {isa = PBXFileReference; lastKnownFileType = sourcecode.swift; path = MakeCastViewController.swift; sourceTree = "<group>"; };
		33E1BAF921D27CB1002E23AE /* MakeCastInteractor.swift */ = {isa = PBXFileReference; lastKnownFileType = sourcecode.swift; path = MakeCastInteractor.swift; sourceTree = "<group>"; };
		33EF343821D23B1B0019F64E /* Colors.swift */ = {isa = PBXFileReference; lastKnownFileType = sourcecode.swift; path = Colors.swift; sourceTree = "<group>"; };
/* End PBXFileReference section */

/* Begin PBXFrameworksBuildPhase section */
		338D13DD21C65F3F0065BB8D /* Frameworks */ = {
			isa = PBXFrameworksBuildPhase;
			buildActionMask = 2147483647;
			files = (
				33C6CEC721DF5BBD00AA9E64 /* Kingfisher.framework in Frameworks */,
				330A251F21D38F4F0042B901 /* Cashier.framework in Frameworks */,
				330A252021D38F4F0042B901 /* Alamofire.framework in Frameworks */,
				330A251E21D38F4F0042B901 /* Serpent.framework in Frameworks */,
				330A252121D38F4F0042B901 /* SnapKit.framework in Frameworks */,
				33C9CADD2241841900D9B413 /* Lottie.framework in Frameworks */,
			);
			runOnlyForDeploymentPostprocessing = 0;
		};
/* End PBXFrameworksBuildPhase section */

/* Begin PBXGroup section */
		330A251921D38F350042B901 /* Frameworks */ = {
			isa = PBXGroup;
			children = (
				33C9CADC2241841900D9B413 /* Lottie.framework */,
				33C6CEC621DF5BBD00AA9E64 /* Kingfisher.framework */,
				330A251C21D38F4F0042B901 /* Alamofire.framework */,
				330A251B21D38F4F0042B901 /* Cashier.framework */,
				330A251A21D38F4F0042B901 /* Serpent.framework */,
				330A251D21D38F4F0042B901 /* SnapKit.framework */,
			);
			name = Frameworks;
			sourceTree = "<group>";
		};
		330FE3D521DD2D9100AA3416 /* ShowDiscovery */ = {
			isa = PBXGroup;
			children = (
				330FE3D621DD2DF200AA3416 /* ShowDiscoveryViewController.swift */,
				330FE3D821DD2E1700AA3416 /* ShowDiscoveryViewController.storyboard */,
			);
			path = ShowDiscovery;
			sourceTree = "<group>";
		};
		330FE3E921DD369400AA3416 /* GPX */ = {
			isa = PBXGroup;
			children = (
				3394EC4F221AA11600730DF6 /* gyrstingetestride.xml */,
				3394EC4922158D8D00730DF6 /* gravelcast1.xml */,
				330FE3EA21DD369400AA3416 /* nordgrus2018.xml */,
			);
			path = GPX;
			sourceTree = "<group>";
		};
		338D13D721C65F3F0065BB8D = {
			isa = PBXGroup;
			children = (
				338D13E221C65F3F0065BB8D /* Explore */,
				330A251921D38F350042B901 /* Frameworks */,
				338D13E121C65F3F0065BB8D /* Products */,
			);
			sourceTree = "<group>";
		};
		338D13E121C65F3F0065BB8D /* Products */ = {
			isa = PBXGroup;
			children = (
				338D13E021C65F3F0065BB8D /* Explore.app */,
			);
			name = Products;
			sourceTree = "<group>";
		};
		338D13E221C65F3F0065BB8D /* Explore */ = {
			isa = PBXGroup;
			children = (
				338D13F521C65F610065BB8D /* Models */,
				338D13F721C65F850065BB8D /* Managers */,
				338D13F921C660830065BB8D /* Repositories */,
				338D13F621C65F6B0065BB8D /* Scenes */,
				33DC7FDE21CBE73E00F5C736 /* Misc */,
				338D13F821C65FC30065BB8D /* Resources */,
				338D13E321C65F3F0065BB8D /* AppDelegate.swift */,
				338D13EF21C65F410065BB8D /* Info.plist */,
			);
			path = Explore;
			sourceTree = "<group>";
		};
		338D13F521C65F610065BB8D /* Models */ = {
			isa = PBXGroup;
			children = (
				338D140C21C66AF10065BB8D /* Cast.swift */,
				338D140E21C66EE50065BB8D /* Discovery.swift */,
				338D141021C6707A0065BB8D /* SoundClip.swift */,
				330A252321D39F920042B901 /* StravaRoute.swift */,
			);
			path = Models;
			sourceTree = "<group>";
		};
		338D13F621C65F6B0065BB8D /* Scenes */ = {
			isa = PBXGroup;
			children = (
				33ACD05222257E940051F2C9 /* Intro */,
				33C9CACD224149B500D9B413 /* PickArea */,
				33C6CECA21DF6D5200AA9E64 /* PresentCast */,
				33C6CEB021DE1BDC00AA9E64 /* ShowCast */,
				330FE3D521DD2D9100AA3416 /* ShowDiscovery */,
				33E1BAF221D27C88002E23AE /* MakeCast */,
				33E1BAE021D27C45002E23AE /* Explore */,
				33DC7FCA21CBE34600F5C736 /* ListCasts */,
				33E1BAE821D27C45002E23AE /* Shared */,
			);
			path = Scenes;
			sourceTree = "<group>";
		};
		338D13F721C65F850065BB8D /* Managers */ = {
			isa = PBXGroup;
			children = (
				338D141921C739830065BB8D /* LocationManager.swift */,
				339C024E21F467AA00A91C7A /* AudioManager.swift */,
				339C025021F4737900A91C7A /* NotificationManager.swift */,
			);
			path = Managers;
			sourceTree = "<group>";
		};
		338D13F821C65FC30065BB8D /* Resources */ = {
			isa = PBXGroup;
			children = (
				33C9CADE224184B800D9B413 /* Lottie */,
				33ACD041222547390051F2C9 /* Fonts */,
				33C6CEBF21DF491000AA9E64 /* Images */,
				330FE3E921DD369400AA3416 /* GPX */,
				338D141221C673AC0065BB8D /* Sounds */,
				330FE3EB21DD369400AA3416 /* nordgrus2018.xml */,
				338D13EC21C65F410065BB8D /* LaunchScreen.storyboard */,
				338D13EA21C65F410065BB8D /* Assets.xcassets */,
			);
			path = Resources;
			sourceTree = "<group>";
		};
		338D13F921C660830065BB8D /* Repositories */ = {
			isa = PBXGroup;
			children = (
				338D13FA21C660B70065BB8D /* Repository.swift */,
				338D140A21C66A800065BB8D /* MockRepository.swift */,
				330A251321D38A750042B901 /* ServerRepository.swift */,
				330A251521D38D650042B901 /* StravaServerRepository.swift */,
			);
			path = Repositories;
			sourceTree = "<group>";
		};
		338D141221C673AC0065BB8D /* Sounds */ = {
			isa = PBXGroup;
			children = (
				3394EC51221AA77900730DF6 /* GyrstingeTest */,
				3394EC3E221585E700730DF6 /* GravelCast1 */,
				339C025221F4793F00A91C7A /* notification_sound.m4a */,
				3394EC66221ABF0A00730DF6 /* notification_sound_h.m4a */,
				338D141321C674100065BB8D /* pointA.m4a */,
				338D141421C674110065BB8D /* pointB.m4a */,
				338D141521C674110065BB8D /* pointC.m4a */,
			);
			path = Sounds;
			sourceTree = "<group>";
		};
		3394EC3E221585E700730DF6 /* GravelCast1 */ = {
			isa = PBXGroup;
			children = (
				33ACD01F221C4BA00051F2C9 /* gc1_dp1.m4a */,
				33ACD01D221C4BA00051F2C9 /* gc1_dp2.m4a */,
				33ACD024221C4BA00051F2C9 /* gc1_dp3.m4a */,
				33ACD022221C4BA00051F2C9 /* gc1_dp4.m4a */,
				33ACD010221C4B9F0051F2C9 /* gc1_dp5.m4a */,
				33ACD026221C4BA00051F2C9 /* gc1_dp6.m4a */,
				33ACD021221C4BA00051F2C9 /* gc1_dp7.m4a */,
				33ACD01C221C4BA00051F2C9 /* gc1_end.m4a */,
				33ACD014221C4B9F0051F2C9 /* gc1_s1.m4a */,
				33ACD01E221C4BA00051F2C9 /* gc1_s2.m4a */,
				33ACD011221C4B9F0051F2C9 /* gc1_s3.m4a */,
				33ACD00F221C4B9F0051F2C9 /* gc1_s4.m4a */,
				33ACD018221C4B9F0051F2C9 /* gc1_s5.m4a */,
				33ACD017221C4B9F0051F2C9 /* gc1_s6.m4a */,
				33ACD01B221C4BA00051F2C9 /* gc1_s7.m4a */,
				33ACD027221C4BA00051F2C9 /* gc1_s8.m4a */,
				33ACD013221C4B9F0051F2C9 /* gc1_s9.m4a */,
				33ACD012221C4B9F0051F2C9 /* gc1_s10.m4a */,
				33ACD019221C4B9F0051F2C9 /* gc1_s11.m4a */,
				33ACD015221C4B9F0051F2C9 /* gc1_s12.m4a */,
				33ACD016221C4B9F0051F2C9 /* gc1_s13.m4a */,
				33ACD020221C4BA00051F2C9 /* gc1_s14.m4a */,
				33ACD025221C4BA00051F2C9 /* gc1_s15.m4a */,
				33ACD023221C4BA00051F2C9 /* gc1_s16.m4a */,
				33ACD01A221C4BA00051F2C9 /* gc1_welcome.m4a */,
			);
			path = GravelCast1;
			sourceTree = "<group>";
		};
		3394EC51221AA77900730DF6 /* GyrstingeTest */ = {
			isa = PBXGroup;
			children = (
				3394EC5C221ABDDC00730DF6 /* gyr_dp1_h.m4a */,
				3394EC5E221ABDDD00730DF6 /* gyr_dp2_h.m4a */,
				3394EC5D221ABDDD00730DF6 /* gyr_dp3_h.m4a */,
				3394EC5F221ABDDD00730DF6 /* gyr_dp4_h.m4a */,
				3394EC60221ABDDD00730DF6 /* gyr_dp5_h.m4a */,
				3394EC52221AA77900730DF6 /* gyr_dp2.m4a */,
				3394EC53221AA77900730DF6 /* gyr_dp3.m4a */,
				3394EC54221AA77900730DF6 /* gyr_dp1.m4a */,
				3394EC55221AA77900730DF6 /* gyr_dp4.m4a */,
				3394EC56221AA77900730DF6 /* gyr_dp5.m4a */,
			);
			path = GyrstingeTest;
			sourceTree = "<group>";
		};
		33ACD041222547390051F2C9 /* Fonts */ = {
			isa = PBXGroup;
			children = (
				33ACD046222547850051F2C9 /* CircularStd-Black.otf */,
				33ACD042222547850051F2C9 /* CircularStd-BlackItalic.otf */,
				33ACD045222547850051F2C9 /* CircularStd-Bold.otf */,
				33ACD044222547850051F2C9 /* CircularStd-BoldItalic.otf */,
				33ACD049222547860051F2C9 /* CircularStd-Book.otf */,
				33ACD047222547850051F2C9 /* CircularStd-BookItalic.otf */,
				33ACD048222547850051F2C9 /* CircularStd-Medium.otf */,
				33ACD043222547850051F2C9 /* CircularStd-MediumItalic.otf */,
			);
			path = Fonts;
			sourceTree = "<group>";
		};
		33ACD05222257E940051F2C9 /* Intro */ = {
			isa = PBXGroup;
			children = (
				33ACD05322257EBA0051F2C9 /* IntroPresenter.swift */,
				33ACD05422257EBA0051F2C9 /* IntroWorker.swift */,
				33ACD05522257EBA0051F2C9 /* IntroRouter.swift */,
				33ACD05722257EBA0051F2C9 /* IntroModels.swift */,
				33ACD05922257EBA0051F2C9 /* IntroInteractor.swift */,
				33ACD05822257EBA0051F2C9 /* IntroViewController.swift */,
				33ACD05622257EBA0051F2C9 /* IntroViewController.storyboard */,
			);
			path = Intro;
			sourceTree = "<group>";
		};
		33C6CEB021DE1BDC00AA9E64 /* ShowCast */ = {
			isa = PBXGroup;
			children = (
				33C6CEB121DE1BDC00AA9E64 /* ShowCastModels.swift */,
				33C6CEB321DE1BDC00AA9E64 /* ShowCastRouter.swift */,
				33C6CEB721DE1BDC00AA9E64 /* ShowCastInteractor.swift */,
				33C6CEB221DE1BDC00AA9E64 /* ShowCastWorker.swift */,
				33C6CEB621DE1BDC00AA9E64 /* ShowCastPresenter.swift */,
				33C6CEB521DE1BDC00AA9E64 /* ShowCastViewController.swift */,
				33C6CEB421DE1BDC00AA9E64 /* ShowCastViewController.storyboard */,
			);
			path = ShowCast;
			sourceTree = "<group>";
		};
		33C6CEBF21DF491000AA9E64 /* Images */ = {
			isa = PBXGroup;
			children = (
				33C6CED321DF716100AA9E64 /* nordgrus.jpg */,
				33C6CEC021DF49D700AA9E64 /* graapilevej.jpg */,
				33C6CEC121DF49D700AA9E64 /* moeldrupvej.jpg */,
				33C6CEC221DF49D700AA9E64 /* veloropa.jpg */,
			);
			path = Images;
			sourceTree = "<group>";
		};
		33C6CECA21DF6D5200AA9E64 /* PresentCast */ = {
			isa = PBXGroup;
			children = (
				33C6CECE21DF6D5200AA9E64 /* PresentCastViewController.storyboard */,
				33C6CECD21DF6D5200AA9E64 /* PresentCastViewController.swift */,
			);
			path = PresentCast;
			sourceTree = "<group>";
		};
		33C9CACD224149B500D9B413 /* PickArea */ = {
			isa = PBXGroup;
			children = (
				33C9CACE22414A0400D9B413 /* PickAreaPresenter.swift */,
				33C9CACF22414A0400D9B413 /* PickAreaWorker.swift */,
				33C9CAD022414A0400D9B413 /* PickAreaRouter.swift */,
				33C9CAD222414A0400D9B413 /* PickAreaModels.swift */,
				33C9CAD422414A0400D9B413 /* PickAreaInteractor.swift */,
				33C9CAD322414A0400D9B413 /* PickAreaViewController.swift */,
				33C9CAD122414A0400D9B413 /* PickAreaViewController.storyboard */,
			);
			path = PickArea;
			sourceTree = "<group>";
		};
		33C9CADE224184B800D9B413 /* Lottie */ = {
			isa = PBXGroup;
			children = (
				33C9CADF224184B800D9B413 /* pulse-effect.json */,
			);
			path = Lottie;
			sourceTree = "<group>";
		};
		33DC7FCA21CBE34600F5C736 /* ListCasts */ = {
			isa = PBXGroup;
			children = (
				33DC7FD921CBE44800F5C736 /* Views */,
				33DC7FCF21CBE36B00F5C736 /* ListCastsModels.swift */,
				33DC7FCD21CBE36B00F5C736 /* ListCastsRouter.swift */,
				33DC7FD121CBE36B00F5C736 /* ListCastsInteractor.swift */,
				33DC7FCC21CBE36B00F5C736 /* ListCastsWorker.swift */,
				33DC7FCB21CBE36B00F5C736 /* ListCastsPresenter.swift */,
				33DC7FD021CBE36B00F5C736 /* ListCastsViewController.swift */,
				33DC7FCE21CBE36B00F5C736 /* ListCastsViewController.storyboard */,
			);
			path = ListCasts;
			sourceTree = "<group>";
		};
		33DC7FD921CBE44800F5C736 /* Views */ = {
			isa = PBXGroup;
			children = (
				33DC7FDA21CBE46A00F5C736 /* CastCell.swift */,
				33DC7FDB21CBE46A00F5C736 /* CastCell.xib */,
			);
			path = Views;
			sourceTree = "<group>";
		};
		33DC7FDE21CBE73E00F5C736 /* Misc */ = {
			isa = PBXGroup;
			children = (
				33DC7FDF21CBE75200F5C736 /* Extensions.swift */,
				33EF343821D23B1B0019F64E /* Colors.swift */,
				330A251721D38D9D0042B901 /* Constants.swift */,
			);
			path = Misc;
			sourceTree = "<group>";
		};
		33E1BAE021D27C45002E23AE /* Explore */ = {
			isa = PBXGroup;
			children = (
				33E1BAE621D27C45002E23AE /* ExploreModels.swift */,
				33E1BAE521D27C45002E23AE /* ExploreRouter.swift */,
				33E1BAE321D27C45002E23AE /* ExploreInteractor.swift */,
				33E1BAE421D27C45002E23AE /* ExploreWorker.swift */,
				33E1BAE721D27C45002E23AE /* ExplorePresenter.swift */,
				33E1BAE221D27C45002E23AE /* ExploreViewController.swift */,
				33E1BAE121D27C45002E23AE /* ExploreViewController.storyboard */,
			);
			path = Explore;
			sourceTree = "<group>";
		};
		33E1BAE821D27C45002E23AE /* Shared */ = {
			isa = PBXGroup;
			children = (
				33E1BAE921D27C45002E23AE /* MainTabBar.swift */,
				33C9CAE1224186ED00D9B413 /* LottieButton.swift */,
			);
			path = Shared;
			sourceTree = "<group>";
		};
		33E1BAF221D27C88002E23AE /* MakeCast */ = {
			isa = PBXGroup;
			children = (
				33E1BAF721D27CB1002E23AE /* MakeCastModels.swift */,
				33E1BAF521D27CB1002E23AE /* MakeCastRouter.swift */,
				33E1BAF921D27CB1002E23AE /* MakeCastInteractor.swift */,
				33E1BAF421D27CB1002E23AE /* MakeCastWorker.swift */,
				33E1BAF321D27CB1002E23AE /* MakeCastPresenter.swift */,
				33E1BAF821D27CB1002E23AE /* MakeCastViewController.swift */,
				33E1BAF621D27CB1002E23AE /* MakeCastViewController.storyboard */,
			);
			path = MakeCast;
			sourceTree = "<group>";
		};
/* End PBXGroup section */

/* Begin PBXNativeTarget section */
		338D13DF21C65F3F0065BB8D /* Explore */ = {
			isa = PBXNativeTarget;
			buildConfigurationList = 338D13F221C65F410065BB8D /* Build configuration list for PBXNativeTarget "Explore" */;
			buildPhases = (
				338D13DC21C65F3F0065BB8D /* Sources */,
				338D13DD21C65F3F0065BB8D /* Frameworks */,
				338D13DE21C65F3F0065BB8D /* Resources */,
				330A252221D38F6C0042B901 /* Carthage */,
			);
			buildRules = (
			);
			dependencies = (
			);
			name = Explore;
			productName = Explore;
			productReference = 338D13E021C65F3F0065BB8D /* Explore.app */;
			productType = "com.apple.product-type.application";
		};
/* End PBXNativeTarget section */

/* Begin PBXProject section */
		338D13D821C65F3F0065BB8D /* Project object */ = {
			isa = PBXProject;
			attributes = {
				LastSwiftUpdateCheck = 1010;
				LastUpgradeCheck = 1010;
				ORGANIZATIONNAME = nordgrus;
				TargetAttributes = {
					338D13DF21C65F3F0065BB8D = {
						CreatedOnToolsVersion = 10.1;
						SystemCapabilities = {
							com.apple.BackgroundModes = {
								enabled = 1;
							};
						};
					};
				};
			};
			buildConfigurationList = 338D13DB21C65F3F0065BB8D /* Build configuration list for PBXProject "Explore" */;
			compatibilityVersion = "Xcode 9.3";
			developmentRegion = en;
			hasScannedForEncodings = 0;
			knownRegions = (
				en,
				Base,
			);
			mainGroup = 338D13D721C65F3F0065BB8D;
			productRefGroup = 338D13E121C65F3F0065BB8D /* Products */;
			projectDirPath = "";
			projectRoot = "";
			targets = (
				338D13DF21C65F3F0065BB8D /* Explore */,
			);
		};
/* End PBXProject section */

/* Begin PBXResourcesBuildPhase section */
		338D13DE21C65F3F0065BB8D /* Resources */ = {
			isa = PBXResourcesBuildPhase;
			buildActionMask = 2147483647;
			files = (
				33ACD03A221C4BA00051F2C9 /* gc1_dp7.m4a in Resources */,
				33ACD04F222547860051F2C9 /* CircularStd-BookItalic.otf in Resources */,
				3394EC57221AA77900730DF6 /* gyr_dp2.m4a in Resources */,
				33ACD03F221C4BA00051F2C9 /* gc1_dp6.m4a in Resources */,
				33ACD03D221C4BA00051F2C9 /* gc1_dp3.m4a in Resources */,
				33DC7FDD21CBE46A00F5C736 /* CastCell.xib in Resources */,
				33C6CED221DF6D5200AA9E64 /* PresentCastViewController.storyboard in Resources */,
				33ACD029221C4BA00051F2C9 /* gc1_dp5.m4a in Resources */,
				33ACD05D22257EBA0051F2C9 /* IntroViewController.storyboard in Resources */,
				3394EC58221AA77900730DF6 /* gyr_dp3.m4a in Resources */,
				33ACD036221C4BA00051F2C9 /* gc1_dp2.m4a in Resources */,
				3394EC50221AA11600730DF6 /* gyrstingetestride.xml in Resources */,
				33ACD038221C4BA00051F2C9 /* gc1_dp1.m4a in Resources */,
				3394EC64221ABDDD00730DF6 /* gyr_dp4_h.m4a in Resources */,
				33ACD02B221C4BA00051F2C9 /* gc1_s10.m4a in Resources */,
				338D141821C674110065BB8D /* pointC.m4a in Resources */,
				33ACD02C221C4BA00051F2C9 /* gc1_s9.m4a in Resources */,
				33ACD037221C4BA00051F2C9 /* gc1_s2.m4a in Resources */,
				33ACD04B222547860051F2C9 /* CircularStd-MediumItalic.otf in Resources */,
				33C6CED421DF716100AA9E64 /* nordgrus.jpg in Resources */,
				330FE3ED21DD369400AA3416 /* nordgrus2018.xml in Resources */,
				33ACD04A222547860051F2C9 /* CircularStd-BlackItalic.otf in Resources */,
				3394EC67221ABF0A00730DF6 /* notification_sound_h.m4a in Resources */,
				33ACD02E221C4BA00051F2C9 /* gc1_s12.m4a in Resources */,
				33C6CEC521DF49D700AA9E64 /* veloropa.jpg in Resources */,
				339C025321F4793F00A91C7A /* notification_sound.m4a in Resources */,
				33C6CEC421DF49D700AA9E64 /* moeldrupvej.jpg in Resources */,
				33ACD04D222547860051F2C9 /* CircularStd-Bold.otf in Resources */,
				33C9CAE0224184B800D9B413 /* pulse-effect.json in Resources */,
				33ACD04C222547860051F2C9 /* CircularStd-BoldItalic.otf in Resources */,
				33E1BAEA21D27C45002E23AE /* ExploreViewController.storyboard in Resources */,
				33ACD028221C4BA00051F2C9 /* gc1_s4.m4a in Resources */,
				33C6CEBB21DE1BDC00AA9E64 /* ShowCastViewController.storyboard in Resources */,
				338D141721C674110065BB8D /* pointB.m4a in Resources */,
				338D141621C674110065BB8D /* pointA.m4a in Resources */,
				33ACD031221C4BA00051F2C9 /* gc1_s5.m4a in Resources */,
				3394EC5A221AA77900730DF6 /* gyr_dp4.m4a in Resources */,
				3394EC65221ABDDD00730DF6 /* gyr_dp5_h.m4a in Resources */,
				33ACD035221C4BA00051F2C9 /* gc1_end.m4a in Resources */,
				33ACD033221C4BA00051F2C9 /* gc1_welcome.m4a in Resources */,
				338D13EE21C65F410065BB8D /* LaunchScreen.storyboard in Resources */,
				33C9CAD822414A0400D9B413 /* PickAreaViewController.storyboard in Resources */,
				33ACD02D221C4BA00051F2C9 /* gc1_s1.m4a in Resources */,
				3394EC62221ABDDD00730DF6 /* gyr_dp3_h.m4a in Resources */,
				330FE3EC21DD369400AA3416 /* nordgrus2018.xml in Resources */,
				33ACD039221C4BA00051F2C9 /* gc1_s14.m4a in Resources */,
				3394EC61221ABDDD00730DF6 /* gyr_dp1_h.m4a in Resources */,
				33ACD02F221C4BA00051F2C9 /* gc1_s13.m4a in Resources */,
				33ACD04E222547860051F2C9 /* CircularStd-Black.otf in Resources */,
				33ACD034221C4BA00051F2C9 /* gc1_s7.m4a in Resources */,
				33DC7FD521CBE36B00F5C736 /* ListCastsViewController.storyboard in Resources */,
				3394EC59221AA77900730DF6 /* gyr_dp1.m4a in Resources */,
				33ACD032221C4BA00051F2C9 /* gc1_s11.m4a in Resources */,
				33ACD051222547860051F2C9 /* CircularStd-Book.otf in Resources */,
				33C6CEC321DF49D700AA9E64 /* graapilevej.jpg in Resources */,
				330FE3D921DD2E1700AA3416 /* ShowDiscoveryViewController.storyboard in Resources */,
				33ACD02A221C4BA00051F2C9 /* gc1_s3.m4a in Resources */,
				3394EC4A22158D8D00730DF6 /* gravelcast1.xml in Resources */,
				33ACD03B221C4BA00051F2C9 /* gc1_dp4.m4a in Resources */,
				33E1BAFD21D27CB1002E23AE /* MakeCastViewController.storyboard in Resources */,
				33ACD03C221C4BA00051F2C9 /* gc1_s16.m4a in Resources */,
				338D13EB21C65F410065BB8D /* Assets.xcassets in Resources */,
				33ACD030221C4BA00051F2C9 /* gc1_s6.m4a in Resources */,
				33ACD050222547860051F2C9 /* CircularStd-Medium.otf in Resources */,
				3394EC5B221AA77900730DF6 /* gyr_dp5.m4a in Resources */,
				33ACD03E221C4BA00051F2C9 /* gc1_s15.m4a in Resources */,
				3394EC63221ABDDD00730DF6 /* gyr_dp2_h.m4a in Resources */,
				33ACD040221C4BA00051F2C9 /* gc1_s8.m4a in Resources */,
			);
			runOnlyForDeploymentPostprocessing = 0;
		};
/* End PBXResourcesBuildPhase section */

/* Begin PBXShellScriptBuildPhase section */
		330A252221D38F6C0042B901 /* Carthage */ = {
			isa = PBXShellScriptBuildPhase;
			buildActionMask = 2147483647;
			files = (
			);
			inputFileListPaths = (
			);
			inputPaths = (
				"$(SRCROOT)/Explore/Carthage/Build/iOS/Alamofire.framework",
				"$(SRCROOT)/Explore/Carthage/Build/iOS/Serpent.framework",
				"$(SRCROOT)/Explore/Carthage/Build/iOS/Cashier.framework",
				"$(SRCROOT)/Explore/Carthage/Build/iOS/SnapKit.framework",
				"$(SRCROOT)/Explore/Carthage/Build/iOS/Kingfisher.framework",
				"$(SRCROOT)/Explore/Carthage/Build/iOS/Lottie.framework",
			);
			name = Carthage;
			outputFileListPaths = (
			);
			outputPaths = (
				"$(BUILT_PRODUCTS_DIR)/$(FRAMEWORKS_FOLDER_PATH)/Alamofire.framework",
				"$(BUILT_PRODUCTS_DIR)/$(FRAMEWORKS_FOLDER_PATH)/Serpent.framework",
				"$(BUILT_PRODUCTS_DIR)/$(FRAMEWORKS_FOLDER_PATH)/Cashier.framework",
				"$(BUILT_PRODUCTS_DIR)/$(FRAMEWORKS_FOLDER_PATH)/SnapKit.framework",
				"$(BUILT_PRODUCTS_DIR)/$(FRAMEWORKS_FOLDER_PATH)/Kingfisher.framework",
				"$(BUILT_PRODUCTS_DIR)/$(FRAMEWORKS_FOLDER_PATH)/Lottie.framework",
			);
			runOnlyForDeploymentPostprocessing = 0;
			shellPath = /bin/sh;
			shellScript = "/usr/local/bin/carthage copy-frameworks\n";
		};
/* End PBXShellScriptBuildPhase section */

/* Begin PBXSourcesBuildPhase section */
		338D13DC21C65F3F0065BB8D /* Sources */ = {
			isa = PBXSourcesBuildPhase;
			buildActionMask = 2147483647;
			files = (
				33ACD05B22257EBA0051F2C9 /* IntroWorker.swift in Sources */,
				33E1BAED21D27C45002E23AE /* ExploreWorker.swift in Sources */,
				33C9CAE2224186ED00D9B413 /* LottieButton.swift in Sources */,
				33EF343921D23B1C0019F64E /* Colors.swift in Sources */,
				338D13E421C65F3F0065BB8D /* AppDelegate.swift in Sources */,
				330FE3D721DD2DF200AA3416 /* ShowDiscoveryViewController.swift in Sources */,
				338D13FB21C660B70065BB8D /* Repository.swift in Sources */,
				33ACD06022257EBA0051F2C9 /* IntroInteractor.swift in Sources */,
				338D140B21C66A800065BB8D /* MockRepository.swift in Sources */,
				33E1BAEC21D27C45002E23AE /* ExploreInteractor.swift in Sources */,
				33C9CADB22414A0400D9B413 /* PickAreaInteractor.swift in Sources */,
				33E1BAF021D27C45002E23AE /* ExplorePresenter.swift in Sources */,
				330A251821D38D9D0042B901 /* Constants.swift in Sources */,
				33E1BAEE21D27C45002E23AE /* ExploreRouter.swift in Sources */,
				33C9CAD722414A0400D9B413 /* PickAreaRouter.swift in Sources */,
				33DC7FDC21CBE46A00F5C736 /* CastCell.swift in Sources */,
				338D140D21C66AF10065BB8D /* Cast.swift in Sources */,
				33DC7FD621CBE36B00F5C736 /* ListCastsModels.swift in Sources */,
				33E1BAFA21D27CB1002E23AE /* MakeCastPresenter.swift in Sources */,
				33ACD05F22257EBA0051F2C9 /* IntroViewController.swift in Sources */,
				33ACD05C22257EBA0051F2C9 /* IntroRouter.swift in Sources */,
				33E1BAEB21D27C45002E23AE /* ExploreViewController.swift in Sources */,
				33C6CEBD21DE1BDC00AA9E64 /* ShowCastPresenter.swift in Sources */,
				33DC7FD321CBE36B00F5C736 /* ListCastsWorker.swift in Sources */,
				339C025121F4737900A91C7A /* NotificationManager.swift in Sources */,
				33E1BAEF21D27C45002E23AE /* ExploreModels.swift in Sources */,
				33ACD05E22257EBA0051F2C9 /* IntroModels.swift in Sources */,
				33C6CEBE21DE1BDC00AA9E64 /* ShowCastInteractor.swift in Sources */,
				33E1BAFF21D27CB1002E23AE /* MakeCastViewController.swift in Sources */,
				33E1BAFE21D27CB1002E23AE /* MakeCastModels.swift in Sources */,
				33C6CED121DF6D5200AA9E64 /* PresentCastViewController.swift in Sources */,
				33E1BAFC21D27CB1002E23AE /* MakeCastRouter.swift in Sources */,
				33DC7FD721CBE36B00F5C736 /* ListCastsViewController.swift in Sources */,
				33E1BB0021D27CB1002E23AE /* MakeCastInteractor.swift in Sources */,
				33E1BAFB21D27CB1002E23AE /* MakeCastWorker.swift in Sources */,
				33C9CAD622414A0400D9B413 /* PickAreaWorker.swift in Sources */,
				33E1BAF121D27C45002E23AE /* MainTabBar.swift in Sources */,
				33C6CEBA21DE1BDC00AA9E64 /* ShowCastRouter.swift in Sources */,
				338D140F21C66EE50065BB8D /* Discovery.swift in Sources */,
				33C6CEBC21DE1BDC00AA9E64 /* ShowCastViewController.swift in Sources */,
				33C6CEB921DE1BDC00AA9E64 /* ShowCastWorker.swift in Sources */,
				33DC7FE021CBE75200F5C736 /* Extensions.swift in Sources */,
				33C9CADA22414A0400D9B413 /* PickAreaViewController.swift in Sources */,
				338D141121C6707A0065BB8D /* SoundClip.swift in Sources */,
				330A251621D38D650042B901 /* StravaServerRepository.swift in Sources */,
				33DC7FD421CBE36B00F5C736 /* ListCastsRouter.swift in Sources */,
				33C9CAD922414A0400D9B413 /* PickAreaModels.swift in Sources */,
				330A252421D39F920042B901 /* StravaRoute.swift in Sources */,
				33C9CAD522414A0400D9B413 /* PickAreaPresenter.swift in Sources */,
				339C024F21F467AA00A91C7A /* AudioManager.swift in Sources */,
				33DC7FD221CBE36B00F5C736 /* ListCastsPresenter.swift in Sources */,
				33C6CEB821DE1BDC00AA9E64 /* ShowCastModels.swift in Sources */,
				33DC7FD821CBE36B00F5C736 /* ListCastsInteractor.swift in Sources */,
				330A251421D38A750042B901 /* ServerRepository.swift in Sources */,
				338D141A21C739830065BB8D /* LocationManager.swift in Sources */,
				33ACD05A22257EBA0051F2C9 /* IntroPresenter.swift in Sources */,
			);
			runOnlyForDeploymentPostprocessing = 0;
		};
/* End PBXSourcesBuildPhase section */

/* Begin PBXVariantGroup section */
		338D13EC21C65F410065BB8D /* LaunchScreen.storyboard */ = {
			isa = PBXVariantGroup;
			children = (
				338D13ED21C65F410065BB8D /* Base */,
			);
			name = LaunchScreen.storyboard;
			sourceTree = "<group>";
		};
/* End PBXVariantGroup section */

/* Begin XCBuildConfiguration section */
		338D13F021C65F410065BB8D /* Debug */ = {
			isa = XCBuildConfiguration;
			buildSettings = {
				ALWAYS_SEARCH_USER_PATHS = NO;
				CLANG_ANALYZER_NONNULL = YES;
				CLANG_ANALYZER_NUMBER_OBJECT_CONVERSION = YES_AGGRESSIVE;
				CLANG_CXX_LANGUAGE_STANDARD = "gnu++14";
				CLANG_CXX_LIBRARY = "libc++";
				CLANG_ENABLE_MODULES = YES;
				CLANG_ENABLE_OBJC_ARC = YES;
				CLANG_ENABLE_OBJC_WEAK = YES;
				CLANG_WARN_BLOCK_CAPTURE_AUTORELEASING = YES;
				CLANG_WARN_BOOL_CONVERSION = YES;
				CLANG_WARN_COMMA = YES;
				CLANG_WARN_CONSTANT_CONVERSION = YES;
				CLANG_WARN_DEPRECATED_OBJC_IMPLEMENTATIONS = YES;
				CLANG_WARN_DIRECT_OBJC_ISA_USAGE = YES_ERROR;
				CLANG_WARN_DOCUMENTATION_COMMENTS = YES;
				CLANG_WARN_EMPTY_BODY = YES;
				CLANG_WARN_ENUM_CONVERSION = YES;
				CLANG_WARN_INFINITE_RECURSION = YES;
				CLANG_WARN_INT_CONVERSION = YES;
				CLANG_WARN_NON_LITERAL_NULL_CONVERSION = YES;
				CLANG_WARN_OBJC_IMPLICIT_RETAIN_SELF = YES;
				CLANG_WARN_OBJC_LITERAL_CONVERSION = YES;
				CLANG_WARN_OBJC_ROOT_CLASS = YES_ERROR;
				CLANG_WARN_RANGE_LOOP_ANALYSIS = YES;
				CLANG_WARN_STRICT_PROTOTYPES = YES;
				CLANG_WARN_SUSPICIOUS_MOVE = YES;
				CLANG_WARN_UNGUARDED_AVAILABILITY = YES_AGGRESSIVE;
				CLANG_WARN_UNREACHABLE_CODE = YES;
				CLANG_WARN__DUPLICATE_METHOD_MATCH = YES;
				CODE_SIGN_IDENTITY = "iPhone Developer";
				COPY_PHASE_STRIP = NO;
				DEBUG_INFORMATION_FORMAT = dwarf;
				ENABLE_STRICT_OBJC_MSGSEND = YES;
				ENABLE_TESTABILITY = YES;
				GCC_C_LANGUAGE_STANDARD = gnu11;
				GCC_DYNAMIC_NO_PIC = NO;
				GCC_NO_COMMON_BLOCKS = YES;
				GCC_OPTIMIZATION_LEVEL = 0;
				GCC_PREPROCESSOR_DEFINITIONS = (
					"DEBUG=1",
					"$(inherited)",
				);
				GCC_WARN_64_TO_32_BIT_CONVERSION = YES;
				GCC_WARN_ABOUT_RETURN_TYPE = YES_ERROR;
				GCC_WARN_UNDECLARED_SELECTOR = YES;
				GCC_WARN_UNINITIALIZED_AUTOS = YES_AGGRESSIVE;
				GCC_WARN_UNUSED_FUNCTION = YES;
				GCC_WARN_UNUSED_VARIABLE = YES;
				IPHONEOS_DEPLOYMENT_TARGET = 12.1;
				MTL_ENABLE_DEBUG_INFO = INCLUDE_SOURCE;
				MTL_FAST_MATH = YES;
				ONLY_ACTIVE_ARCH = YES;
				SDKROOT = iphoneos;
				SWIFT_ACTIVE_COMPILATION_CONDITIONS = DEBUG;
				SWIFT_OPTIMIZATION_LEVEL = "-Onone";
			};
			name = Debug;
		};
		338D13F121C65F410065BB8D /* Release */ = {
			isa = XCBuildConfiguration;
			buildSettings = {
				ALWAYS_SEARCH_USER_PATHS = NO;
				CLANG_ANALYZER_NONNULL = YES;
				CLANG_ANALYZER_NUMBER_OBJECT_CONVERSION = YES_AGGRESSIVE;
				CLANG_CXX_LANGUAGE_STANDARD = "gnu++14";
				CLANG_CXX_LIBRARY = "libc++";
				CLANG_ENABLE_MODULES = YES;
				CLANG_ENABLE_OBJC_ARC = YES;
				CLANG_ENABLE_OBJC_WEAK = YES;
				CLANG_WARN_BLOCK_CAPTURE_AUTORELEASING = YES;
				CLANG_WARN_BOOL_CONVERSION = YES;
				CLANG_WARN_COMMA = YES;
				CLANG_WARN_CONSTANT_CONVERSION = YES;
				CLANG_WARN_DEPRECATED_OBJC_IMPLEMENTATIONS = YES;
				CLANG_WARN_DIRECT_OBJC_ISA_USAGE = YES_ERROR;
				CLANG_WARN_DOCUMENTATION_COMMENTS = YES;
				CLANG_WARN_EMPTY_BODY = YES;
				CLANG_WARN_ENUM_CONVERSION = YES;
				CLANG_WARN_INFINITE_RECURSION = YES;
				CLANG_WARN_INT_CONVERSION = YES;
				CLANG_WARN_NON_LITERAL_NULL_CONVERSION = YES;
				CLANG_WARN_OBJC_IMPLICIT_RETAIN_SELF = YES;
				CLANG_WARN_OBJC_LITERAL_CONVERSION = YES;
				CLANG_WARN_OBJC_ROOT_CLASS = YES_ERROR;
				CLANG_WARN_RANGE_LOOP_ANALYSIS = YES;
				CLANG_WARN_STRICT_PROTOTYPES = YES;
				CLANG_WARN_SUSPICIOUS_MOVE = YES;
				CLANG_WARN_UNGUARDED_AVAILABILITY = YES_AGGRESSIVE;
				CLANG_WARN_UNREACHABLE_CODE = YES;
				CLANG_WARN__DUPLICATE_METHOD_MATCH = YES;
				CODE_SIGN_IDENTITY = "iPhone Developer";
				COPY_PHASE_STRIP = NO;
				DEBUG_INFORMATION_FORMAT = "dwarf-with-dsym";
				ENABLE_NS_ASSERTIONS = NO;
				ENABLE_STRICT_OBJC_MSGSEND = YES;
				GCC_C_LANGUAGE_STANDARD = gnu11;
				GCC_NO_COMMON_BLOCKS = YES;
				GCC_WARN_64_TO_32_BIT_CONVERSION = YES;
				GCC_WARN_ABOUT_RETURN_TYPE = YES_ERROR;
				GCC_WARN_UNDECLARED_SELECTOR = YES;
				GCC_WARN_UNINITIALIZED_AUTOS = YES_AGGRESSIVE;
				GCC_WARN_UNUSED_FUNCTION = YES;
				GCC_WARN_UNUSED_VARIABLE = YES;
				IPHONEOS_DEPLOYMENT_TARGET = 12.1;
				MTL_ENABLE_DEBUG_INFO = NO;
				MTL_FAST_MATH = YES;
				SDKROOT = iphoneos;
				SWIFT_COMPILATION_MODE = wholemodule;
				SWIFT_OPTIMIZATION_LEVEL = "-O";
				VALIDATE_PRODUCT = YES;
			};
			name = Release;
		};
		338D13F321C65F410065BB8D /* Debug */ = {
			isa = XCBuildConfiguration;
			buildSettings = {
				ASSETCATALOG_COMPILER_APPICON_NAME = AppIconTest;
				CODE_SIGN_STYLE = Automatic;
				DEVELOPMENT_TEAM = 3F968TK478;
				FRAMEWORK_SEARCH_PATHS = (
					"$(inherited)",
					"$(PROJECT_DIR)/Explore/Carthage/Build/iOS",
				);
				INFOPLIST_FILE = Explore/Info.plist;
				IPHONEOS_DEPLOYMENT_TARGET = 12.0;
				LD_RUNPATH_SEARCH_PATHS = (
					"$(inherited)",
					"@executable_path/Frameworks",
				);
				PRODUCT_BUNDLE_IDENTIFIER = com.nordgrus.gravelcast.test;
				PRODUCT_NAME = "$(TARGET_NAME)";
				SWIFT_VERSION = 4.2;
				TARGETED_DEVICE_FAMILY = 1;
			};
			name = Debug;
		};
		338D13F421C65F410065BB8D /* Release */ = {
			isa = XCBuildConfiguration;
			buildSettings = {
				ASSETCATALOG_COMPILER_APPICON_NAME = AppIconTest;
				CODE_SIGN_STYLE = Automatic;
				DEVELOPMENT_TEAM = 3F968TK478;
				FRAMEWORK_SEARCH_PATHS = (
					"$(inherited)",
					"$(PROJECT_DIR)/Explore/Carthage/Build/iOS",
				);
				INFOPLIST_FILE = Explore/Info.plist;
				IPHONEOS_DEPLOYMENT_TARGET = 12.0;
				LD_RUNPATH_SEARCH_PATHS = (
					"$(inherited)",
					"@executable_path/Frameworks",
				);
				PRODUCT_BUNDLE_IDENTIFIER = com.nordgrus.gravelcast.test;
				PRODUCT_NAME = "$(TARGET_NAME)";
				SWIFT_VERSION = 4.2;
				TARGETED_DEVICE_FAMILY = 1;
			};
			name = Release;
		};
/* End XCBuildConfiguration section */

/* Begin XCConfigurationList section */
		338D13DB21C65F3F0065BB8D /* Build configuration list for PBXProject "Explore" */ = {
			isa = XCConfigurationList;
			buildConfigurations = (
				338D13F021C65F410065BB8D /* Debug */,
				338D13F121C65F410065BB8D /* Release */,
			);
			defaultConfigurationIsVisible = 0;
			defaultConfigurationName = Release;
		};
		338D13F221C65F410065BB8D /* Build configuration list for PBXNativeTarget "Explore" */ = {
			isa = XCConfigurationList;
			buildConfigurations = (
				338D13F321C65F410065BB8D /* Debug */,
				338D13F421C65F410065BB8D /* Release */,
			);
			defaultConfigurationIsVisible = 0;
			defaultConfigurationName = Release;
		};
/* End XCConfigurationList section */
	};
	rootObject = 338D13D821C65F3F0065BB8D /* Project object */;
}
